
Microsoft Visual Studio Solution File, Format Version 12.00
# Visual Studio Version 16
VisualStudioVersion = 16.0.32002.261
MinimumVisualStudioVersion = 10.0.40219.1
Project("{8BC9CEB8-8B4A-11D0-8D11-00A0C91BC942}") = "LearningOpenGL", "LearningOpenGL\LearningOpenGL.vcxproj", "{DFF00723-933E-4D0C-869C-F3A29B77F0B7}"
EndProject
Global
	GlobalSection(SolutionConfigurationPlatforms) = preSolution
		Debug|x64 = Debug|x64
		Debug|x86 = Debug|x86
		Release|x64 = Release|x64
		Release|x86 = Release|x86
	EndGlobalSection
	GlobalSection(ProjectConfigurationPlatforms) = postSolution
		{DFF00723-933E-4D0C-869C-F3A29B77F0B7}.Debug|x64.ActiveCfg = Debug|x64
		{DFF00723-933E-4D0C-869C-F3A29B77F0B7}.Debug|x64.Build.0 = Debug|x64
		{DFF00723-933E-4D0C-869C-F3A29B77F0B7}.Debug|x86.ActiveCfg = Debug|Win32
		{DFF00723-933E-4D0C-869C-F3A29B77F0B7}.Debug|x86.Build.0 = Debug|Win32
		{DFF00723-933E-4D0C-869C-F3A29B77F0B7}.Release|x64.ActiveCfg = Release|x64
		{DFF00723-933E-4D0C-869C-F3A29B77F0B7}.Release|x64.Build.0 = Release|x64
		{DFF00723-933E-4D0C-869C-F3A29B77F0B7}.Release|x86.ActiveCfg = Release|Win32
		{DFF00723-933E-4D0C-869C-F3A29B77F0B7}.Release|x86.Build.0 = Release|Win32
	EndGlobalSection
	GlobalSection(SolutionProperties) = preSolution
		HideSolutionNode = FALSE
	EndGlobalSection
	GlobalSection(ExtensibilityGlobals) = postSolution
		SolutionGuid = {1248CD92-5000-485E-A888-0CF97268EBF5}
	EndGlobalSection
EndGlobal
123
